
Microsoft Visual Studio Solution File, Format Version 12.00
# Visual Studio Version 17
VisualStudioVersion = 17.13.35828.75
MinimumVisualStudioVersion = 10.0.40219.1
Project("{FAE04EC0-301F-11D3-BF4B-00C04F79EFBC}") = "Fiestivo", "Fiestivo\Fiestivo.csproj", "{4AC5F37B-008D-4D44-8731-CBB25FDEDF65}"
EndProject
Project("{FAE04EC0-301F-11D3-BF4B-00C04F79EFBC}") = "Fiestivo.Core", "Fiestivo.Core\Fiestivo.Core.csproj", "{6C3E253D-AA92-4147-8296-3564FE50706F}"
EndProject
Project("{FAE04EC0-301F-11D3-BF4B-00C04F79EFBC}") = "Fiestivo.Data", "Fiestivo.Data\Fiestivo.Data.csproj", "{725AC610-B7FA-4E03-8C44-2DA0A04E7478}"
EndProject
Project("{2150E333-8FDC-42A3-9474-1A3956D46DE8}") = "Solution Items", "Solution Items", "{3146FD70-223D-46FC-8E8B-AEEE77444DDD}"
	ProjectSection(SolutionItems) = preProject
		.editorconfig = .editorconfig
	EndProjectSection
EndProject
Global
	GlobalSection(SolutionConfigurationPlatforms) = preSolution
		Debug|Any CPU = Debug|Any CPU
		Release|Any CPU = Release|Any CPU
	EndGlobalSection
	GlobalSection(ProjectConfigurationPlatforms) = postSolution
		{4AC5F37B-008D-4D44-8731-CBB25FDEDF65}.Debug|Any CPU.ActiveCfg = Debug|Any CPU
		{4AC5F37B-008D-4D44-8731-CBB25FDEDF65}.Debug|Any CPU.Build.0 = Debug|Any CPU
		{4AC5F37B-008D-4D44-8731-CBB25FDEDF65}.Release|Any CPU.ActiveCfg = Release|Any CPU
		{4AC5F37B-008D-4D44-8731-CBB25FDEDF65}.Release|Any CPU.Build.0 = Release|Any CPU
		{6C3E253D-AA92-4147-8296-3564FE50706F}.Debug|Any CPU.ActiveCfg = Debug|Any CPU
		{6C3E253D-AA92-4147-8296-3564FE50706F}.Debug|Any CPU.Build.0 = Debug|Any CPU
		{6C3E253D-AA92-4147-8296-3564FE50706F}.Release|Any CPU.ActiveCfg = Release|Any CPU
		{6C3E253D-AA92-4147-8296-3564FE50706F}.Release|Any CPU.Build.0 = Release|Any CPU
		{725AC610-B7FA-4E03-8C44-2DA0A04E7478}.Debug|Any CPU.ActiveCfg = Debug|Any CPU
		{725AC610-B7FA-4E03-8C44-2DA0A04E7478}.Debug|Any CPU.Build.0 = Debug|Any CPU
		{725AC610-B7FA-4E03-8C44-2DA0A04E7478}.Release|Any CPU.ActiveCfg = Release|Any CPU
		{725AC610-B7FA-4E03-8C44-2DA0A04E7478}.Release|Any CPU.Build.0 = Release|Any CPU
	EndGlobalSection
	GlobalSection(SolutionProperties) = preSolution
		HideSolutionNode = FALSE
	EndGlobalSection
	GlobalSection(ExtensibilityGlobals) = postSolution
		SolutionGuid = {02F4F12C-4785-4CA7-A475-544A9252097E}
	EndGlobalSection
EndGlobal
